// !$*UTF8*$!
{
	archiveVersion = 1;
	classes = {
	};
	objectVersion = 46;
	objects = {

/* Begin PBXBuildFile section */
		33FC28137E7D45EBA584B4E6 /* libPods-CodeBo.a in Frameworks */ = {isa = PBXBuildFile; fileRef = A3D2AE1FAF514E11B4FD3165 /* libPods-CodeBo.a */; };
		9D6A95D318A7284000CCF703 /* Reachability.m in Sources */ = {isa = PBXBuildFile; fileRef = 9D6A95D218A7284000CCF703 /* Reachability.m */; };
		9D6A95E318A775A800CCF703 /* YGWeibo.m in Sources */ = {isa = PBXBuildFile; fileRef = 9D6A95E218A775A800CCF703 /* YGWeibo.m */; };
		9D96497718881C1800E5E15E /* Foundation.framework in Frameworks */ = {isa = PBXBuildFile; fileRef = 9D96497618881C1800E5E15E /* Foundation.framework */; };
		9D96497918881C1800E5E15E /* CoreGraphics.framework in Frameworks */ = {isa = PBXBuildFile; fileRef = 9D96497818881C1800E5E15E /* CoreGraphics.framework */; };
		9D96497B18881C1800E5E15E /* UIKit.framework in Frameworks */ = {isa = PBXBuildFile; fileRef = 9D96497A18881C1800E5E15E /* UIKit.framework */; };
		9D96498118881C1800E5E15E /* InfoPlist.strings in Resources */ = {isa = PBXBuildFile; fileRef = 9D96497F18881C1800E5E15E /* InfoPlist.strings */; };
		9D96498318881C1800E5E15E /* main.m in Sources */ = {isa = PBXBuildFile; fileRef = 9D96498218881C1800E5E15E /* main.m */; };
		9D96498718881C1800E5E15E /* YGAppDelegate.m in Sources */ = {isa = PBXBuildFile; fileRef = 9D96498618881C1800E5E15E /* YGAppDelegate.m */; };
		9D96498A18881C1800E5E15E /* Main.storyboard in Resources */ = {isa = PBXBuildFile; fileRef = 9D96498818881C1800E5E15E /* Main.storyboard */; };
		9D96498D18881C1800E5E15E /* YGViewController.m in Sources */ = {isa = PBXBuildFile; fileRef = 9D96498C18881C1800E5E15E /* YGViewController.m */; };
		9D96498F18881C1800E5E15E /* Images.xcassets in Resources */ = {isa = PBXBuildFile; fileRef = 9D96498E18881C1800E5E15E /* Images.xcassets */; };
		9D96499618881C1800E5E15E /* XCTest.framework in Frameworks */ = {isa = PBXBuildFile; fileRef = 9D96499518881C1800E5E15E /* XCTest.framework */; };
		9D96499718881C1800E5E15E /* Foundation.framework in Frameworks */ = {isa = PBXBuildFile; fileRef = 9D96497618881C1800E5E15E /* Foundation.framework */; };
		9D96499818881C1800E5E15E /* UIKit.framework in Frameworks */ = {isa = PBXBuildFile; fileRef = 9D96497A18881C1800E5E15E /* UIKit.framework */; };
		9D9649A018881C1800E5E15E /* InfoPlist.strings in Resources */ = {isa = PBXBuildFile; fileRef = 9D96499E18881C1800E5E15E /* InfoPlist.strings */; };
		9D9649A218881C1800E5E15E /* CodeBoTests.m in Sources */ = {isa = PBXBuildFile; fileRef = 9D9649A118881C1800E5E15E /* CodeBoTests.m */; };
		9D9649AF18881C4300E5E15E /* libWeiboSDK.a in Frameworks */ = {isa = PBXBuildFile; fileRef = 9D9649AC18881C4300E5E15E /* libWeiboSDK.a */; };
		9D9649B018881C4300E5E15E /* WeiboSDK.bundle in Resources */ = {isa = PBXBuildFile; fileRef = 9D9649AD18881C4300E5E15E /* WeiboSDK.bundle */; };
		A8F764FC18A61F3E006F2BFA /* readme.md in Resources */ = {isa = PBXBuildFile; fileRef = A8F764FB18A61F3E006F2BFA /* readme.md */; };
		A8F7651718A626B3006F2BFA /* CFNetwork.framework in Frameworks */ = {isa = PBXBuildFile; fileRef = A8F7651618A626B3006F2BFA /* CFNetwork.framework */; };
		A8F7651918A626C3006F2BFA /* SystemConfiguration.framework in Frameworks */ = {isa = PBXBuildFile; fileRef = A8F7651818A626C3006F2BFA /* SystemConfiguration.framework */; };
		A8F7651B18A626CD006F2BFA /* Security.framework in Frameworks */ = {isa = PBXBuildFile; fileRef = A8F7651A18A626CD006F2BFA /* Security.framework */; };
		A8F7651D18A626D5006F2BFA /* ImageIO.framework in Frameworks */ = {isa = PBXBuildFile; fileRef = A8F7651C18A626D5006F2BFA /* ImageIO.framework */; };
/* End PBXBuildFile section */

/* Begin PBXContainerItemProxy section */
		9D96499918881C1800E5E15E /* PBXContainerItemProxy */ = {
			isa = PBXContainerItemProxy;
			containerPortal = 9D96496B18881C1800E5E15E /* Project object */;
			proxyType = 1;
			remoteGlobalIDString = 9D96497218881C1800E5E15E;
			remoteInfo = CodeBo;
		};
/* End PBXContainerItemProxy section */

/* Begin PBXFileReference section */
		12796382EAE5434E88DDD907 /* Pods-CodeBo.xcconfig */ = {isa = PBXFileReference; includeInIndex = 1; lastKnownFileType = text.xcconfig; name = "Pods-CodeBo.xcconfig"; path = "Pods/Pods-CodeBo.xcconfig"; sourceTree = "<group>"; };
		9D6A95D118A7284000CCF703 /* Reachability.h */ = {isa = PBXFileReference; fileEncoding = 4; lastKnownFileType = sourcecode.c.h; path = Reachability.h; sourceTree = "<group>"; };
		9D6A95D218A7284000CCF703 /* Reachability.m */ = {isa = PBXFileReference; fileEncoding = 4; lastKnownFileType = sourcecode.c.objc; path = Reachability.m; sourceTree = "<group>"; };
		9D6A95E118A775A800CCF703 /* YGWeibo.h */ = {isa = PBXFileReference; fileEncoding = 4; lastKnownFileType = sourcecode.c.h; path = YGWeibo.h; sourceTree = "<group>"; };
		9D6A95E218A775A800CCF703 /* YGWeibo.m */ = {isa = PBXFileReference; fileEncoding = 4; lastKnownFileType = sourcecode.c.objc; path = YGWeibo.m; sourceTree = "<group>"; };
		9D96497318881C1800E5E15E /* CodeBo.app */ = {isa = PBXFileReference; explicitFileType = wrapper.application; includeInIndex = 0; path = CodeBo.app; sourceTree = BUILT_PRODUCTS_DIR; };
		9D96497618881C1800E5E15E /* Foundation.framework */ = {isa = PBXFileReference; lastKnownFileType = wrapper.framework; name = Foundation.framework; path = System/Library/Frameworks/Foundation.framework; sourceTree = SDKROOT; };
		9D96497818881C1800E5E15E /* CoreGraphics.framework */ = {isa = PBXFileReference; lastKnownFileType = wrapper.framework; name = CoreGraphics.framework; path = System/Library/Frameworks/CoreGraphics.framework; sourceTree = SDKROOT; };
		9D96497A18881C1800E5E15E /* UIKit.framework */ = {isa = PBXFileReference; lastKnownFileType = wrapper.framework; name = UIKit.framework; path = System/Library/Frameworks/UIKit.framework; sourceTree = SDKROOT; };
		9D96497E18881C1800E5E15E /* CodeBo-Info.plist */ = {isa = PBXFileReference; lastKnownFileType = text.plist.xml; path = "CodeBo-Info.plist"; sourceTree = "<group>"; };
		9D96498018881C1800E5E15E /* en */ = {isa = PBXFileReference; lastKnownFileType = text.plist.strings; name = en; path = en.lproj/InfoPlist.strings; sourceTree = "<group>"; };
		9D96498218881C1800E5E15E /* main.m */ = {isa = PBXFileReference; lastKnownFileType = sourcecode.c.objc; path = main.m; sourceTree = "<group>"; };
		9D96498418881C1800E5E15E /* CodeBo-Prefix.pch */ = {isa = PBXFileReference; lastKnownFileType = sourcecode.c.h; path = "CodeBo-Prefix.pch"; sourceTree = "<group>"; };
		9D96498518881C1800E5E15E /* YGAppDelegate.h */ = {isa = PBXFileReference; lastKnownFileType = sourcecode.c.h; path = YGAppDelegate.h; sourceTree = "<group>"; };
		9D96498618881C1800E5E15E /* YGAppDelegate.m */ = {isa = PBXFileReference; lastKnownFileType = sourcecode.c.objc; path = YGAppDelegate.m; sourceTree = "<group>"; };
		9D96498918881C1800E5E15E /* Base */ = {isa = PBXFileReference; lastKnownFileType = file.storyboard; name = Base; path = Base.lproj/Main.storyboard; sourceTree = "<group>"; };
		9D96498B18881C1800E5E15E /* YGViewController.h */ = {isa = PBXFileReference; lastKnownFileType = sourcecode.c.h; path = YGViewController.h; sourceTree = "<group>"; };
		9D96498C18881C1800E5E15E /* YGViewController.m */ = {isa = PBXFileReference; lastKnownFileType = sourcecode.c.objc; path = YGViewController.m; sourceTree = "<group>"; };
		9D96498E18881C1800E5E15E /* Images.xcassets */ = {isa = PBXFileReference; lastKnownFileType = folder.assetcatalog; path = Images.xcassets; sourceTree = "<group>"; };
		9D96499418881C1800E5E15E /* CodeBoTests.xctest */ = {isa = PBXFileReference; explicitFileType = wrapper.cfbundle; includeInIndex = 0; path = CodeBoTests.xctest; sourceTree = BUILT_PRODUCTS_DIR; };
		9D96499518881C1800E5E15E /* XCTest.framework */ = {isa = PBXFileReference; lastKnownFileType = wrapper.framework; name = XCTest.framework; path = Library/Frameworks/XCTest.framework; sourceTree = DEVELOPER_DIR; };
		9D96499D18881C1800E5E15E /* CodeBoTests-Info.plist */ = {isa = PBXFileReference; lastKnownFileType = text.plist.xml; path = "CodeBoTests-Info.plist"; sourceTree = "<group>"; };
		9D96499F18881C1800E5E15E /* en */ = {isa = PBXFileReference; lastKnownFileType = text.plist.strings; name = en; path = en.lproj/InfoPlist.strings; sourceTree = "<group>"; };
		9D9649A118881C1800E5E15E /* CodeBoTests.m */ = {isa = PBXFileReference; lastKnownFileType = sourcecode.c.objc; path = CodeBoTests.m; sourceTree = "<group>"; };
		9D9649AC18881C4300E5E15E /* libWeiboSDK.a */ = {isa = PBXFileReference; lastKnownFileType = archive.ar; path = libWeiboSDK.a; sourceTree = "<group>"; };
		9D9649AD18881C4300E5E15E /* WeiboSDK.bundle */ = {isa = PBXFileReference; lastKnownFileType = "wrapper.plug-in"; path = WeiboSDK.bundle; sourceTree = "<group>"; };
		9D9649AE18881C4300E5E15E /* WeiboSDK.h */ = {isa = PBXFileReference; fileEncoding = 4; lastKnownFileType = sourcecode.c.h; path = WeiboSDK.h; sourceTree = "<group>"; };
		A3D2AE1FAF514E11B4FD3165 /* libPods-CodeBo.a */ = {isa = PBXFileReference; explicitFileType = archive.ar; includeInIndex = 0; path = "libPods-CodeBo.a"; sourceTree = BUILT_PRODUCTS_DIR; };
		A81F051718A8E06E00300AA7 /* AppMacro.h */ = {isa = PBXFileReference; lastKnownFileType = sourcecode.c.h; path = AppMacro.h; sourceTree = "<group>"; };
		A81F051918A8E09C00300AA7 /* NotificationMacro.h */ = {isa = PBXFileReference; lastKnownFileType = sourcecode.c.h; path = NotificationMacro.h; sourceTree = "<group>"; };
		A81F051A18A8E0B200300AA7 /* UtilsMacro.h */ = {isa = PBXFileReference; lastKnownFileType = sourcecode.c.h; path = UtilsMacro.h; sourceTree = "<group>"; };
		A81F051B18A8E0DA00300AA7 /* VendorMacro.h */ = {isa = PBXFileReference; lastKnownFileType = sourcecode.c.h; path = VendorMacro.h; sourceTree = "<group>"; };
		A8F764FB18A61F3E006F2BFA /* readme.md */ = {isa = PBXFileReference; fileEncoding = 4; lastKnownFileType = text; path = readme.md; sourceTree = "<group>"; };
		A8F7651618A626B3006F2BFA /* CFNetwork.framework */ = {isa = PBXFileReference; lastKnownFileType = wrapper.framework; name = CFNetwork.framework; path = System/Library/Frameworks/CFNetwork.framework; sourceTree = SDKROOT; };
		A8F7651818A626C3006F2BFA /* SystemConfiguration.framework */ = {isa = PBXFileReference; lastKnownFileType = wrapper.framework; name = SystemConfiguration.framework; path = System/Library/Frameworks/SystemConfiguration.framework; sourceTree = SDKROOT; };
		A8F7651A18A626CD006F2BFA /* Security.framework */ = {isa = PBXFileReference; lastKnownFileType = wrapper.framework; name = Security.framework; path = System/Library/Frameworks/Security.framework; sourceTree = SDKROOT; };
		A8F7651C18A626D5006F2BFA /* ImageIO.framework */ = {isa = PBXFileReference; lastKnownFileType = wrapper.framework; name = ImageIO.framework; path = System/Library/Frameworks/ImageIO.framework; sourceTree = SDKROOT; };
/* End PBXFileReference section */

/* Begin PBXFrameworksBuildPhase section */
		9D96497018881C1800E5E15E /* Frameworks */ = {
			isa = PBXFrameworksBuildPhase;
			buildActionMask = 2147483647;
			files = (
				A8F7651D18A626D5006F2BFA /* ImageIO.framework in Frameworks */,
				A8F7651B18A626CD006F2BFA /* Security.framework in Frameworks */,
				A8F7651918A626C3006F2BFA /* SystemConfiguration.framework in Frameworks */,
				A8F7651718A626B3006F2BFA /* CFNetwork.framework in Frameworks */,
				9D96497918881C1800E5E15E /* CoreGraphics.framework in Frameworks */,
				9D96497B18881C1800E5E15E /* UIKit.framework in Frameworks */,
				9D96497718881C1800E5E15E /* Foundation.framework in Frameworks */,
				9D9649AF18881C4300E5E15E /* libWeiboSDK.a in Frameworks */,
				33FC28137E7D45EBA584B4E6 /* libPods-CodeBo.a in Frameworks */,
			);
			runOnlyForDeploymentPostprocessing = 0;
		};
		9D96499118881C1800E5E15E /* Frameworks */ = {
			isa = PBXFrameworksBuildPhase;
			buildActionMask = 2147483647;
			files = (
				9D96499618881C1800E5E15E /* XCTest.framework in Frameworks */,
				9D96499818881C1800E5E15E /* UIKit.framework in Frameworks */,
				9D96499718881C1800E5E15E /* Foundation.framework in Frameworks */,
			);
			runOnlyForDeploymentPostprocessing = 0;
		};
/* End PBXFrameworksBuildPhase section */

/* Begin PBXGroup section */
		9D6A95D018A7284000CCF703 /* Reachability */ = {
			isa = PBXGroup;
			children = (
				9D6A95D118A7284000CCF703 /* Reachability.h */,
				9D6A95D218A7284000CCF703 /* Reachability.m */,
			);
			path = Reachability;
			sourceTree = "<group>";
		};
		9D96496A18881C1800E5E15E = {
			isa = PBXGroup;
			children = (
				9D96497C18881C1800E5E15E /* CodeBo */,
				9D96499B18881C1800E5E15E /* CodeBoTests */,
				9D96497518881C1800E5E15E /* Frameworks */,
				9D96497418881C1800E5E15E /* Products */,
				12796382EAE5434E88DDD907 /* Pods-CodeBo.xcconfig */,
			);
			sourceTree = "<group>";
		};
		9D96497418881C1800E5E15E /* Products */ = {
			isa = PBXGroup;
			children = (
				9D96497318881C1800E5E15E /* CodeBo.app */,
				9D96499418881C1800E5E15E /* CodeBoTests.xctest */,
			);
			name = Products;
			sourceTree = "<group>";
		};
		9D96497518881C1800E5E15E /* Frameworks */ = {
			isa = PBXGroup;
			children = (
				A8F7651C18A626D5006F2BFA /* ImageIO.framework */,
				A8F7651A18A626CD006F2BFA /* Security.framework */,
				A8F7651818A626C3006F2BFA /* SystemConfiguration.framework */,
				A8F7651618A626B3006F2BFA /* CFNetwork.framework */,
				9D96497618881C1800E5E15E /* Foundation.framework */,
				9D96497818881C1800E5E15E /* CoreGraphics.framework */,
				9D96497A18881C1800E5E15E /* UIKit.framework */,
				9D96499518881C1800E5E15E /* XCTest.framework */,
				A3D2AE1FAF514E11B4FD3165 /* libPods-CodeBo.a */,
			);
			name = Frameworks;
			sourceTree = "<group>";
		};
		9D96497C18881C1800E5E15E /* CodeBo */ = {
			isa = PBXGroup;
			children = (
				A88E0AF818A8DF1200ACE46A /* AppDelegate */,
				A81F051E18A8E16800300AA7 /* General */,
				A81F052118A8E1B100300AA7 /* Helpers */,
				A81F051818A8E07400300AA7 /* Macro */,
				A81F051618A8E03700300AA7 /* Models */,
				A81F051F18A8E17F00300AA7 /* Other */,
				A81F051D18A8E14A00300AA7 /* Resources */,
				A81F051C18A8E10400300AA7 /* Vendors */,
			);
			path = CodeBo;
			sourceTree = "<group>";
		};
		9D96499B18881C1800E5E15E /* CodeBoTests */ = {
			isa = PBXGroup;
			children = (
				9D9649A118881C1800E5E15E /* CodeBoTests.m */,
				9D96499C18881C1800E5E15E /* Supporting Files */,
			);
			path = CodeBoTests;
			sourceTree = "<group>";
		};
		9D96499C18881C1800E5E15E /* Supporting Files */ = {
			isa = PBXGroup;
			children = (
				9D96499D18881C1800E5E15E /* CodeBoTests-Info.plist */,
				9D96499E18881C1800E5E15E /* InfoPlist.strings */,
			);
			name = "Supporting Files";
			sourceTree = "<group>";
		};
		9D9649AB18881C4300E5E15E /* libWeiboSDK */ = {
			isa = PBXGroup;
			children = (
				9D9649AC18881C4300E5E15E /* libWeiboSDK.a */,
				9D9649AD18881C4300E5E15E /* WeiboSDK.bundle */,
				9D9649AE18881C4300E5E15E /* WeiboSDK.h */,
			);
			path = libWeiboSDK;
			sourceTree = "<group>";
		};
		A81F051618A8E03700300AA7 /* Models */ = {
			isa = PBXGroup;
			children = (
				9D6A95E118A775A800CCF703 /* YGWeibo.h */,
				9D6A95E218A775A800CCF703 /* YGWeibo.m */,
			);
			name = Models;
			sourceTree = "<group>";
		};
		A81F051818A8E07400300AA7 /* Macro */ = {
			isa = PBXGroup;
			children = (
				A81F051718A8E06E00300AA7 /* AppMacro.h */,
				A81F051918A8E09C00300AA7 /* NotificationMacro.h */,
				A81F051A18A8E0B200300AA7 /* UtilsMacro.h */,
				A81F051B18A8E0DA00300AA7 /* VendorMacro.h */,
			);
			name = Macro;
			sourceTree = "<group>";
		};
		A81F051C18A8E10400300AA7 /* Vendors */ = {
			isa = PBXGroup;
			children = (
				9D6A95D018A7284000CCF703 /* Reachability */,
				9D9649AB18881C4300E5E15E /* libWeiboSDK */,
			);
			name = Vendors;
			sourceTree = "<group>";
		};
		A81F051D18A8E14A00300AA7 /* Resources */ = {
			isa = PBXGroup;
			children = (
				9D96498818881C1800E5E15E /* Main.storyboard */,
				9D96498E18881C1800E5E15E /* Images.xcassets */,
			);
			name = Resources;
			sourceTree = "<group>";
		};
		A81F051E18A8E16800300AA7 /* General */ = {
			isa = PBXGroup;
			children = (
				9D96498B18881C1800E5E15E /* YGViewController.h */,
				9D96498C18881C1800E5E15E /* YGViewController.m */,
			);
			name = General;
			sourceTree = "<group>";
		};
		A81F051F18A8E17F00300AA7 /* Other */ = {
			isa = PBXGroup;
			children = (
				9D96497E18881C1800E5E15E /* CodeBo-Info.plist */,
				9D96498418881C1800E5E15E /* CodeBo-Prefix.pch */,
				9D96497F18881C1800E5E15E /* InfoPlist.strings */,
				A8F764FB18A61F3E006F2BFA /* readme.md */,
			);
			name = Other;
			sourceTree = "<group>";
		};
		A81F052118A8E1B100300AA7 /* Helpers */ = {
			isa = PBXGroup;
			children = (
			);
			name = Helpers;
			sourceTree = "<group>";
		};
		A88E0AF818A8DF1200ACE46A /* AppDelegate */ = {
			isa = PBXGroup;
			children = (
				9D96498218881C1800E5E15E /* main.m */,
				9D96498518881C1800E5E15E /* YGAppDelegate.h */,
				9D96498618881C1800E5E15E /* YGAppDelegate.m */,
			);
			name = AppDelegate;
			sourceTree = "<group>";
		};
/* End PBXGroup section */

/* Begin PBXNativeTarget section */
		9D96497218881C1800E5E15E /* CodeBo */ = {
			isa = PBXNativeTarget;
			buildConfigurationList = 9D9649A518881C1800E5E15E /* Build configuration list for PBXNativeTarget "CodeBo" */;
			buildPhases = (
				D548AF0D46A54F2CA9A9BC89 /* Check Pods Manifest.lock */,
				9D96496F18881C1800E5E15E /* Sources */,
				9D96497018881C1800E5E15E /* Frameworks */,
				9D96497118881C1800E5E15E /* Resources */,
				FE647801CCAC45F1A16AEE45 /* Copy Pods Resources */,
			);
			buildRules = (
			);
			dependencies = (
			);
			name = CodeBo;
			productName = CodeBo;
			productReference = 9D96497318881C1800E5E15E /* CodeBo.app */;
			productType = "com.apple.product-type.application";
		};
		9D96499318881C1800E5E15E /* CodeBoTests */ = {
			isa = PBXNativeTarget;
			buildConfigurationList = 9D9649A818881C1800E5E15E /* Build configuration list for PBXNativeTarget "CodeBoTests" */;
			buildPhases = (
				9D96499018881C1800E5E15E /* Sources */,
				9D96499118881C1800E5E15E /* Frameworks */,
				9D96499218881C1800E5E15E /* Resources */,
			);
			buildRules = (
			);
			dependencies = (
				9D96499A18881C1800E5E15E /* PBXTargetDependency */,
			);
			name = CodeBoTests;
			productName = CodeBoTests;
			productReference = 9D96499418881C1800E5E15E /* CodeBoTests.xctest */;
			productType = "com.apple.product-type.bundle.unit-test";
		};
/* End PBXNativeTarget section */

/* Begin PBXProject section */
		9D96496B18881C1800E5E15E /* Project object */ = {
			isa = PBXProject;
			attributes = {
				CLASSPREFIX = YG;
				LastUpgradeCheck = 0500;
				ORGANIZATIONNAME = sunyanguo;
				TargetAttributes = {
					9D96499318881C1800E5E15E = {
						TestTargetID = 9D96497218881C1800E5E15E;
					};
				};
			};
			buildConfigurationList = 9D96496E18881C1800E5E15E /* Build configuration list for PBXProject "CodeBo" */;
			compatibilityVersion = "Xcode 3.2";
			developmentRegion = English;
			hasScannedForEncodings = 0;
			knownRegions = (
				en,
				Base,
			);
			mainGroup = 9D96496A18881C1800E5E15E;
			productRefGroup = 9D96497418881C1800E5E15E /* Products */;
			projectDirPath = "";
			projectRoot = "";
			targets = (
				9D96497218881C1800E5E15E /* CodeBo */,
				9D96499318881C1800E5E15E /* CodeBoTests */,
			);
		};
/* End PBXProject section */

/* Begin PBXResourcesBuildPhase section */
		9D96497118881C1800E5E15E /* Resources */ = {
			isa = PBXResourcesBuildPhase;
			buildActionMask = 2147483647;
			files = (
				9D96498F18881C1800E5E15E /* Images.xcassets in Resources */,
				9D96498118881C1800E5E15E /* InfoPlist.strings in Resources */,
				9D96498A18881C1800E5E15E /* Main.storyboard in Resources */,
				A8F764FC18A61F3E006F2BFA /* readme.md in Resources */,
				9D9649B018881C4300E5E15E /* WeiboSDK.bundle in Resources */,
			);
			runOnlyForDeploymentPostprocessing = 0;
		};
		9D96499218881C1800E5E15E /* Resources */ = {
			isa = PBXResourcesBuildPhase;
			buildActionMask = 2147483647;
			files = (
				9D9649A018881C1800E5E15E /* InfoPlist.strings in Resources */,
			);
			runOnlyForDeploymentPostprocessing = 0;
		};
/* End PBXResourcesBuildPhase section */

/* Begin PBXShellScriptBuildPhase section */
		D548AF0D46A54F2CA9A9BC89 /* Check Pods Manifest.lock */ = {
			isa = PBXShellScriptBuildPhase;
			buildActionMask = 2147483647;
			files = (
			);
			inputPaths = (
			);
			name = "Check Pods Manifest.lock";
			outputPaths = (
			);
			runOnlyForDeploymentPostprocessing = 0;
			shellPath = /bin/sh;
			shellScript = "diff \"${PODS_ROOT}/../Podfile.lock\" \"${PODS_ROOT}/Manifest.lock\" > /dev/null\nif [[ $? != 0 ]] ; then\n    cat << EOM\nerror: The sandbox is not in sync with the Podfile.lock. Run 'pod install' or update your CocoaPods installation.\nEOM\n    exit 1\nfi\n";
			showEnvVarsInLog = 0;
		};
		FE647801CCAC45F1A16AEE45 /* Copy Pods Resources */ = {
			isa = PBXShellScriptBuildPhase;
			buildActionMask = 2147483647;
			files = (
			);
			inputPaths = (
			);
			name = "Copy Pods Resources";
			outputPaths = (
			);
			runOnlyForDeploymentPostprocessing = 0;
			shellPath = /bin/sh;
			shellScript = "\"${SRCROOT}/Pods/Pods-CodeBo-resources.sh\"\n";
			showEnvVarsInLog = 0;
		};
/* End PBXShellScriptBuildPhase section */

/* Begin PBXSourcesBuildPhase section */
		9D96496F18881C1800E5E15E /* Sources */ = {
			isa = PBXSourcesBuildPhase;
			buildActionMask = 2147483647;
			files = (
				9D96498718881C1800E5E15E /* YGAppDelegate.m in Sources */,
				9D96498D18881C1800E5E15E /* YGViewController.m in Sources */,
				9D6A95D318A7284000CCF703 /* Reachability.m in Sources */,
				9D6A95E318A775A800CCF703 /* YGWeibo.m in Sources */,
				9D96498318881C1800E5E15E /* main.m in Sources */,
			);
			runOnlyForDeploymentPostprocessing = 0;
		};
		9D96499018881C1800E5E15E /* Sources */ = {
			isa = PBXSourcesBuildPhase;
			buildActionMask = 2147483647;
			files = (
				9D9649A218881C1800E5E15E /* CodeBoTests.m in Sources */,
			);
			runOnlyForDeploymentPostprocessing = 0;
		};
/* End PBXSourcesBuildPhase section */

/* Begin PBXTargetDependency section */
		9D96499A18881C1800E5E15E /* PBXTargetDependency */ = {
			isa = PBXTargetDependency;
			target = 9D96497218881C1800E5E15E /* CodeBo */;
			targetProxy = 9D96499918881C1800E5E15E /* PBXContainerItemProxy */;
		};
/* End PBXTargetDependency section */

/* Begin PBXVariantGroup section */
		9D96497F18881C1800E5E15E /* InfoPlist.strings */ = {
			isa = PBXVariantGroup;
			children = (
				9D96498018881C1800E5E15E /* en */,
			);
			name = InfoPlist.strings;
			sourceTree = "<group>";
		};
		9D96498818881C1800E5E15E /* Main.storyboard */ = {
			isa = PBXVariantGroup;
			children = (
				9D96498918881C1800E5E15E /* Base */,
			);
			name = Main.storyboard;
			sourceTree = "<group>";
		};
		9D96499E18881C1800E5E15E /* InfoPlist.strings */ = {
			isa = PBXVariantGroup;
			children = (
				9D96499F18881C1800E5E15E /* en */,
			);
			name = InfoPlist.strings;
			sourceTree = "<group>";
		};
/* End PBXVariantGroup section */

/* Begin XCBuildConfiguration section */
		9D9649A318881C1800E5E15E /* Debug */ = {
			isa = XCBuildConfiguration;
			buildSettings = {
				ALWAYS_SEARCH_USER_PATHS = NO;
				ARCHS = "$(ARCHS_STANDARD_INCLUDING_64_BIT)";
				CLANG_CXX_LANGUAGE_STANDARD = "gnu++0x";
				CLANG_CXX_LIBRARY = "libc++";
				CLANG_ENABLE_MODULES = YES;
				CLANG_ENABLE_OBJC_ARC = YES;
				CLANG_WARN_BOOL_CONVERSION = YES;
				CLANG_WARN_CONSTANT_CONVERSION = YES;
				CLANG_WARN_DIRECT_OBJC_ISA_USAGE = YES_ERROR;
				CLANG_WARN_EMPTY_BODY = YES;
				CLANG_WARN_ENUM_CONVERSION = YES;
				CLANG_WARN_INT_CONVERSION = YES;
				CLANG_WARN_OBJC_ROOT_CLASS = YES_ERROR;
				CLANG_WARN__DUPLICATE_METHOD_MATCH = YES;
				"CODE_SIGN_IDENTITY[sdk=iphoneos*]" = "iPhone Developer";
				COPY_PHASE_STRIP = NO;
				GCC_C_LANGUAGE_STANDARD = gnu99;
				GCC_DYNAMIC_NO_PIC = NO;
				GCC_OPTIMIZATION_LEVEL = 0;
				GCC_PREPROCESSOR_DEFINITIONS = (
					"DEBUG=1",
					"$(inherited)",
				);
				GCC_SYMBOLS_PRIVATE_EXTERN = NO;
				GCC_WARN_64_TO_32_BIT_CONVERSION = YES;
				GCC_WARN_ABOUT_RETURN_TYPE = YES_ERROR;
				GCC_WARN_UNDECLARED_SELECTOR = YES;
				GCC_WARN_UNINITIALIZED_AUTOS = YES;
				GCC_WARN_UNUSED_FUNCTION = YES;
				GCC_WARN_UNUSED_VARIABLE = YES;
				IPHONEOS_DEPLOYMENT_TARGET = 7.0;
				ONLY_ACTIVE_ARCH = YES;
				SDKROOT = iphoneos;
			};
			name = Debug;
		};
		9D9649A418881C1800E5E15E /* Release */ = {
			isa = XCBuildConfiguration;
			buildSettings = {
				ALWAYS_SEARCH_USER_PATHS = NO;
				ARCHS = "$(ARCHS_STANDARD_INCLUDING_64_BIT)";
				CLANG_CXX_LANGUAGE_STANDARD = "gnu++0x";
				CLANG_CXX_LIBRARY = "libc++";
				CLANG_ENABLE_MODULES = YES;
				CLANG_ENABLE_OBJC_ARC = YES;
				CLANG_WARN_BOOL_CONVERSION = YES;
				CLANG_WARN_CONSTANT_CONVERSION = YES;
				CLANG_WARN_DIRECT_OBJC_ISA_USAGE = YES_ERROR;
				CLANG_WARN_EMPTY_BODY = YES;
				CLANG_WARN_ENUM_CONVERSION = YES;
				CLANG_WARN_INT_CONVERSION = YES;
				CLANG_WARN_OBJC_ROOT_CLASS = YES_ERROR;
				CLANG_WARN__DUPLICATE_METHOD_MATCH = YES;
				"CODE_SIGN_IDENTITY[sdk=iphoneos*]" = "iPhone Developer";
				COPY_PHASE_STRIP = YES;
				ENABLE_NS_ASSERTIONS = NO;
				GCC_C_LANGUAGE_STANDARD = gnu99;
				GCC_WARN_64_TO_32_BIT_CONVERSION = YES;
				GCC_WARN_ABOUT_RETURN_TYPE = YES_ERROR;
				GCC_WARN_UNDECLARED_SELECTOR = YES;
				GCC_WARN_UNINITIALIZED_AUTOS = YES;
				GCC_WARN_UNUSED_FUNCTION = YES;
				GCC_WARN_UNUSED_VARIABLE = YES;
				IPHONEOS_DEPLOYMENT_TARGET = 7.0;
				SDKROOT = iphoneos;
				VALIDATE_PRODUCT = YES;
			};
			name = Release;
		};
		9D9649A618881C1800E5E15E /* Debug */ = {
			isa = XCBuildConfiguration;
			baseConfigurationReference = 12796382EAE5434E88DDD907 /* Pods-CodeBo.xcconfig */;
			buildSettings = {
				ASSETCATALOG_COMPILER_APPICON_NAME = AppIcon;
				ASSETCATALOG_COMPILER_LAUNCHIMAGE_NAME = LaunchImage;
				GCC_PRECOMPILE_PREFIX_HEADER = YES;
				GCC_PREFIX_HEADER = "CodeBo/CodeBo-Prefix.pch";
				INFOPLIST_FILE = "CodeBo/CodeBo-Info.plist";
				IPHONEOS_DEPLOYMENT_TARGET = 7.0;
				LIBRARY_SEARCH_PATHS = (
					"$(inherited)",
					"$(SRCROOT)/CodeBo/libWeiboSDK",
				);
				OTHER_LDFLAGS = "-ObjC";
				PRODUCT_NAME = "$(TARGET_NAME)";
				WRAPPER_EXTENSION = app;
			};
			name = Debug;
		};
		9D9649A718881C1800E5E15E /* Release */ = {
			isa = XCBuildConfiguration;
			baseConfigurationReference = 12796382EAE5434E88DDD907 /* Pods-CodeBo.xcconfig */;
			buildSettings = {
				ASSETCATALOG_COMPILER_APPICON_NAME = AppIcon;
				ASSETCATALOG_COMPILER_LAUNCHIMAGE_NAME = LaunchImage;
				GCC_PRECOMPILE_PREFIX_HEADER = YES;
				GCC_PREFIX_HEADER = "CodeBo/CodeBo-Prefix.pch";
				INFOPLIST_FILE = "CodeBo/CodeBo-Info.plist";
				IPHONEOS_DEPLOYMENT_TARGET = 7.0;
				LIBRARY_SEARCH_PATHS = (
					"$(inherited)",
					"$(SRCROOT)/CodeBo/libWeiboSDK",
				);
				OTHER_LDFLAGS = "-ObjC";
				PRODUCT_NAME = "$(TARGET_NAME)";
				WRAPPER_EXTENSION = app;
			};
			name = Release;
		};
		9D9649A918881C1800E5E15E /* Debug */ = {
			isa = XCBuildConfiguration;
			buildSettings = {
				ARCHS = "$(ARCHS_STANDARD_INCLUDING_64_BIT)";
				BUNDLE_LOADER = "$(BUILT_PRODUCTS_DIR)/CodeBo.app/CodeBo";
				FRAMEWORK_SEARCH_PATHS = (
					"$(SDKROOT)/Developer/Library/Frameworks",
					"$(inherited)",
					"$(DEVELOPER_FRAMEWORKS_DIR)",
				);
				GCC_PRECOMPILE_PREFIX_HEADER = YES;
				GCC_PREFIX_HEADER = "CodeBo/CodeBo-Prefix.pch";
				GCC_PREPROCESSOR_DEFINITIONS = (
					"DEBUG=1",
					"$(inherited)",
				);
				INFOPLIST_FILE = "CodeBoTests/CodeBoTests-Info.plist";
				PRODUCT_NAME = "$(TARGET_NAME)";
				TEST_HOST = "$(BUNDLE_LOADER)";
				WRAPPER_EXTENSION = xctest;
			};
			name = Debug;
		};
		9D9649AA18881C1800E5E15E /* Release */ = {
			isa = XCBuildConfiguration;
			buildSettings = {
				ARCHS = "$(ARCHS_STANDARD_INCLUDING_64_BIT)";
				BUNDLE_LOADER = "$(BUILT_PRODUCTS_DIR)/CodeBo.app/CodeBo";
				FRAMEWORK_SEARCH_PATHS = (
					"$(SDKROOT)/Developer/Library/Frameworks",
					"$(inherited)",
					"$(DEVELOPER_FRAMEWORKS_DIR)",
				);
				GCC_PRECOMPILE_PREFIX_HEADER = YES;
				GCC_PREFIX_HEADER = "CodeBo/CodeBo-Prefix.pch";
				INFOPLIST_FILE = "CodeBoTests/CodeBoTests-Info.plist";
				PRODUCT_NAME = "$(TARGET_NAME)";
				TEST_HOST = "$(BUNDLE_LOADER)";
				WRAPPER_EXTENSION = xctest;
			};
			name = Release;
		};
/* End XCBuildConfiguration section */

/* Begin XCConfigurationList section */
		9D96496E18881C1800E5E15E /* Build configuration list for PBXProject "CodeBo" */ = {
			isa = XCConfigurationList;
			buildConfigurations = (
				9D9649A318881C1800E5E15E /* Debug */,
				9D9649A418881C1800E5E15E /* Release */,
			);
			defaultConfigurationIsVisible = 0;
			defaultConfigurationName = Release;
		};
		9D9649A518881C1800E5E15E /* Build configuration list for PBXNativeTarget "CodeBo" */ = {
			isa = XCConfigurationList;
			buildConfigurations = (
				9D9649A618881C1800E5E15E /* Debug */,
				9D9649A718881C1800E5E15E /* Release */,
			);
			defaultConfigurationIsVisible = 0;
			defaultConfigurationName = Release;
		};
		9D9649A818881C1800E5E15E /* Build configuration list for PBXNativeTarget "CodeBoTests" */ = {
			isa = XCConfigurationList;
			buildConfigurations = (
				9D9649A918881C1800E5E15E /* Debug */,
				9D9649AA18881C1800E5E15E /* Release */,
			);
			defaultConfigurationIsVisible = 0;
			defaultConfigurationName = Release;
		};
/* End XCConfigurationList section */
	};
	rootObject = 9D96496B18881C1800E5E15E /* Project object */;
}
